{
  "originHash" : "e33c813123b9ec4b76ec9d68736641b971c278289f9adebf7a3233c77948bb01",
  "pins" : [
    {
      "identity" : "schedule",
      "kind" : "remoteSourceControl",
      "location" : "https://github.com/luoxiu/Schedule",
      "state" : {
        "revision" : "e388fcab1d870f32c0359a414fda81b8e81b98c9",
        "version" : "2.1.1"
      }
    },
    {
      "identity" : "sparkle",
      "kind" : "remoteSourceControl",
      "location" : "https://github.com/sparkle-project/Sparkle",
      "state" : {
        "revision" : "5581748cef2bae787496fe6d61139aebe0a451f6",
        "version" : "2.8.1"
      }
    },
    {
      "identity" : "swift-algorithms",
      "kind" : "remoteSourceControl",
      "location" : "https://github.com/apple/swift-algorithms.git",
      "state" : {
        "revision" : "87e50f483c54e6efd60e885f7f5aa946cee68023",
        "version" : "1.2.1"
      }
    },
    {
      "identity" : "swift-numerics",
      "kind" : "remoteSourceControl",
      "location" : "https://github.com/apple/swift-numerics.git",
      "state" : {
        "revision" : "0a5bc04095a675662cf24757cc0640aa2204253b",
        "version" : "1.0.2"
      }
    }
  ],
  "version" : 3
}
